{
  "name": "ppv2",
  "version": "1.0.0",
  "lockfileVersion": 1,
  "requires": true,
  "dependencies": {
    "osu-parser": {
      "version": "0.3.3",
      "resolved": "https://registry.npmjs.org/osu-parser/-/osu-parser-0.3.3.tgz",
      "integrity": "sha512-XMNV0He6W3PEQQrrohIHT4tikFq4soDBEPr0fcR/74ivr8l+7nH7of/VPI/iu6g9JtiuXZ6fp3muQOh07AwdfA==",
      "dev": true
    }
  }
}
